// !$*UTF8*$!
{
	archiveVersion = 1;
	classes = {
	};
	objectVersion = 50;
	objects = {

/* Begin PBXBuildFile section */
		C42AF53422F900FA00B4B4C0 /* Foot.m in Sources */ = {isa = PBXBuildFile; fileRef = C42AF53322F900F900B4B4C0 /* Foot.m */; };
		C42AF53822F9021800B4B4C0 /* Pattern.m in Sources */ = {isa = PBXBuildFile; fileRef = C42AF53722F9021800B4B4C0 /* Pattern.m */; };
		C47A400422C70C0800612D8D /* AppDelegate.m in Sources */ = {isa = PBXBuildFile; fileRef = C47A400322C70C0800612D8D /* AppDelegate.m */; };
		C47A400D22C70C0800612D8D /* SockItToMe.xcdatamodeld in Sources */ = {isa = PBXBuildFile; fileRef = C47A400B22C70C0800612D8D /* SockItToMe.xcdatamodeld */; };
		C47A400F22C70C0A00612D8D /* Assets.xcassets in Resources */ = {isa = PBXBuildFile; fileRef = C47A400E22C70C0A00612D8D /* Assets.xcassets */; };
		C47A401222C70C0A00612D8D /* LaunchScreen.storyboard in Resources */ = {isa = PBXBuildFile; fileRef = C47A401022C70C0A00612D8D /* LaunchScreen.storyboard */; };
		C47A401522C70C0A00612D8D /* main.m in Sources */ = {isa = PBXBuildFile; fileRef = C47A401422C70C0A00612D8D /* main.m */; };
		C47A401F22C70C0B00612D8D /* SockItToMeTests.m in Sources */ = {isa = PBXBuildFile; fileRef = C47A401E22C70C0B00612D8D /* SockItToMeTests.m */; };
		C47A402A22C70C0B00612D8D /* SockItToMeUITests.m in Sources */ = {isa = PBXBuildFile; fileRef = C47A402922C70C0B00612D8D /* SockItToMeUITests.m */; };
		C47A403922C70CB900612D8D /* MainViewController.m in Sources */ = {isa = PBXBuildFile; fileRef = C47A403822C70CB900612D8D /* MainViewController.m */; };
/* End PBXBuildFile section */

/* Begin PBXContainerItemProxy section */
		C47A401B22C70C0B00612D8D /* PBXContainerItemProxy */ = {
			isa = PBXContainerItemProxy;
			containerPortal = C47A3FF722C70C0800612D8D /* Project object */;
			proxyType = 1;
			remoteGlobalIDString = C47A3FFE22C70C0800612D8D;
			remoteInfo = SockItToMe;
		};
		C47A402622C70C0B00612D8D /* PBXContainerItemProxy */ = {
			isa = PBXContainerItemProxy;
			containerPortal = C47A3FF722C70C0800612D8D /* Project object */;
			proxyType = 1;
			remoteGlobalIDString = C47A3FFE22C70C0800612D8D;
			remoteInfo = SockItToMe;
		};
/* End PBXContainerItemProxy section */

/* Begin PBXFileReference section */
		C42AF53222F900F900B4B4C0 /* Foot.h */ = {isa = PBXFileReference; lastKnownFileType = sourcecode.c.h; path = Foot.h; sourceTree = "<group>"; };
		C42AF53322F900F900B4B4C0 /* Foot.m */ = {isa = PBXFileReference; lastKnownFileType = sourcecode.c.objc; path = Foot.m; sourceTree = "<group>"; };
		C42AF53622F9021800B4B4C0 /* Pattern.h */ = {isa = PBXFileReference; lastKnownFileType = sourcecode.c.h; path = Pattern.h; sourceTree = "<group>"; };
		C42AF53722F9021800B4B4C0 /* Pattern.m */ = {isa = PBXFileReference; lastKnownFileType = sourcecode.c.objc; path = Pattern.m; sourceTree = "<group>"; };
		C47A3FFF22C70C0800612D8D /* SockItToMe.app */ = {isa = PBXFileReference; explicitFileType = wrapper.application; includeInIndex = 0; path = SockItToMe.app; sourceTree = BUILT_PRODUCTS_DIR; };
		C47A400222C70C0800612D8D /* AppDelegate.h */ = {isa = PBXFileReference; lastKnownFileType = sourcecode.c.h; path = AppDelegate.h; sourceTree = "<group>"; };
		C47A400322C70C0800612D8D /* AppDelegate.m */ = {isa = PBXFileReference; lastKnownFileType = sourcecode.c.objc; path = AppDelegate.m; sourceTree = "<group>"; };
		C47A400C22C70C0800612D8D /* SockItToMe.xcdatamodel */ = {isa = PBXFileReference; lastKnownFileType = wrapper.xcdatamodel; path = SockItToMe.xcdatamodel; sourceTree = "<group>"; };
		C47A400E22C70C0A00612D8D /* Assets.xcassets */ = {isa = PBXFileReference; lastKnownFileType = folder.assetcatalog; path = Assets.xcassets; sourceTree = "<group>"; };
		C47A401122C70C0A00612D8D /* Base */ = {isa = PBXFileReference; lastKnownFileType = file.storyboard; name = Base; path = Base.lproj/LaunchScreen.storyboard; sourceTree = "<group>"; };
		C47A401322C70C0A00612D8D /* Info.plist */ = {isa = PBXFileReference; lastKnownFileType = text.plist.xml; path = Info.plist; sourceTree = "<group>"; };
		C47A401422C70C0A00612D8D /* main.m */ = {isa = PBXFileReference; lastKnownFileType = sourcecode.c.objc; path = main.m; sourceTree = "<group>"; };
		C47A401A22C70C0B00612D8D /* SockItToMeTests.xctest */ = {isa = PBXFileReference; explicitFileType = wrapper.cfbundle; includeInIndex = 0; path = SockItToMeTests.xctest; sourceTree = BUILT_PRODUCTS_DIR; };
		C47A401E22C70C0B00612D8D /* SockItToMeTests.m */ = {isa = PBXFileReference; lastKnownFileType = sourcecode.c.objc; path = SockItToMeTests.m; sourceTree = "<group>"; };
		C47A402022C70C0B00612D8D /* Info.plist */ = {isa = PBXFileReference; lastKnownFileType = text.plist.xml; path = Info.plist; sourceTree = "<group>"; };
		C47A402522C70C0B00612D8D /* SockItToMeUITests.xctest */ = {isa = PBXFileReference; explicitFileType = wrapper.cfbundle; includeInIndex = 0; path = SockItToMeUITests.xctest; sourceTree = BUILT_PRODUCTS_DIR; };
		C47A402922C70C0B00612D8D /* SockItToMeUITests.m */ = {isa = PBXFileReference; lastKnownFileType = sourcecode.c.objc; path = SockItToMeUITests.m; sourceTree = "<group>"; };
		C47A402B22C70C0B00612D8D /* Info.plist */ = {isa = PBXFileReference; lastKnownFileType = text.plist.xml; path = Info.plist; sourceTree = "<group>"; };
		C47A403722C70CB900612D8D /* MainViewController.h */ = {isa = PBXFileReference; lastKnownFileType = sourcecode.c.h; path = MainViewController.h; sourceTree = "<group>"; };
		C47A403822C70CB900612D8D /* MainViewController.m */ = {isa = PBXFileReference; lastKnownFileType = sourcecode.c.objc; path = MainViewController.m; sourceTree = "<group>"; };
/* End PBXFileReference section */

/* Begin PBXFrameworksBuildPhase section */
		C47A3FFC22C70C0800612D8D /* Frameworks */ = {
			isa = PBXFrameworksBuildPhase;
			buildActionMask = 2147483647;
			files = (
			);
			runOnlyForDeploymentPostprocessing = 0;
		};
		C47A401722C70C0B00612D8D /* Frameworks */ = {
			isa = PBXFrameworksBuildPhase;
			buildActionMask = 2147483647;
			files = (
			);
			runOnlyForDeploymentPostprocessing = 0;
		};
		C47A402222C70C0B00612D8D /* Frameworks */ = {
			isa = PBXFrameworksBuildPhase;
			buildActionMask = 2147483647;
			files = (
			);
			runOnlyForDeploymentPostprocessing = 0;
		};
/* End PBXFrameworksBuildPhase section */

/* Begin PBXGroup section */
		C42AF53122F900C200B4B4C0 /* Foot */ = {
			isa = PBXGroup;
			children = (
				C42AF53222F900F900B4B4C0 /* Foot.h */,
				C42AF53322F900F900B4B4C0 /* Foot.m */,
			);
			path = Foot;
			sourceTree = "<group>";
		};
		C42AF53522F9020400B4B4C0 /* Pattern */ = {
			isa = PBXGroup;
			children = (
				C42AF53622F9021800B4B4C0 /* Pattern.h */,
				C42AF53722F9021800B4B4C0 /* Pattern.m */,
			);
			path = Pattern;
			sourceTree = "<group>";
		};
		C47A3FF622C70C0800612D8D = {
			isa = PBXGroup;
			children = (
				C42AF53522F9020400B4B4C0 /* Pattern */,
				C42AF53122F900C200B4B4C0 /* Foot */,
				C47A400122C70C0800612D8D /* SockItToMe */,
				C47A401D22C70C0B00612D8D /* SockItToMeTests */,
				C47A402822C70C0B00612D8D /* SockItToMeUITests */,
				C47A400022C70C0800612D8D /* Products */,
			);
			sourceTree = "<group>";
		};
		C47A400022C70C0800612D8D /* Products */ = {
			isa = PBXGroup;
			children = (
				C47A3FFF22C70C0800612D8D /* SockItToMe.app */,
				C47A401A22C70C0B00612D8D /* SockItToMeTests.xctest */,
				C47A402522C70C0B00612D8D /* SockItToMeUITests.xctest */,
			);
			name = Products;
			sourceTree = "<group>";
		};
		C47A400122C70C0800612D8D /* SockItToMe */ = {
			isa = PBXGroup;
			children = (
				C47A400222C70C0800612D8D /* AppDelegate.h */,
				C47A400322C70C0800612D8D /* AppDelegate.m */,
				C47A403722C70CB900612D8D /* MainViewController.h */,
				C47A403822C70CB900612D8D /* MainViewController.m */,
				C47A400E22C70C0A00612D8D /* Assets.xcassets */,
				C47A401022C70C0A00612D8D /* LaunchScreen.storyboard */,
				C47A401322C70C0A00612D8D /* Info.plist */,
				C47A401422C70C0A00612D8D /* main.m */,
				C47A400B22C70C0800612D8D /* SockItToMe.xcdatamodeld */,
			);
			path = SockItToMe;
			sourceTree = "<group>";
		};
		C47A401D22C70C0B00612D8D /* SockItToMeTests */ = {
			isa = PBXGroup;
			children = (
				C47A401E22C70C0B00612D8D /* SockItToMeTests.m */,
				C47A402022C70C0B00612D8D /* Info.plist */,
			);
			path = SockItToMeTests;
			sourceTree = "<group>";
		};
		C47A402822C70C0B00612D8D /* SockItToMeUITests */ = {
			isa = PBXGroup;
			children = (
				C47A402922C70C0B00612D8D /* SockItToMeUITests.m */,
				C47A402B22C70C0B00612D8D /* Info.plist */,
			);
			path = SockItToMeUITests;
			sourceTree = "<group>";
		};
/* End PBXGroup section */

/* Begin PBXNativeTarget section */
		C47A3FFE22C70C0800612D8D /* SockItToMe */ = {
			isa = PBXNativeTarget;
			buildConfigurationList = C47A402E22C70C0B00612D8D /* Build configuration list for PBXNativeTarget "SockItToMe" */;
			buildPhases = (
				C47A3FFB22C70C0800612D8D /* Sources */,
				C47A3FFC22C70C0800612D8D /* Frameworks */,
				C47A3FFD22C70C0800612D8D /* Resources */,
			);
			buildRules = (
			);
			dependencies = (
			);
			name = SockItToMe;
			productName = SockItToMe;
			productReference = C47A3FFF22C70C0800612D8D /* SockItToMe.app */;
			productType = "com.apple.product-type.application";
		};
		C47A401922C70C0B00612D8D /* SockItToMeTests */ = {
			isa = PBXNativeTarget;
			buildConfigurationList = C47A403122C70C0B00612D8D /* Build configuration list for PBXNativeTarget "SockItToMeTests" */;
			buildPhases = (
				C47A401622C70C0B00612D8D /* Sources */,
				C47A401722C70C0B00612D8D /* Frameworks */,
				C47A401822C70C0B00612D8D /* Resources */,
			);
			buildRules = (
			);
			dependencies = (
				C47A401C22C70C0B00612D8D /* PBXTargetDependency */,
			);
			name = SockItToMeTests;
			productName = SockItToMeTests;
			productReference = C47A401A22C70C0B00612D8D /* SockItToMeTests.xctest */;
			productType = "com.apple.product-type.bundle.unit-test";
		};
		C47A402422C70C0B00612D8D /* SockItToMeUITests */ = {
			isa = PBXNativeTarget;
			buildConfigurationList = C47A403422C70C0B00612D8D /* Build configuration list for PBXNativeTarget "SockItToMeUITests" */;
			buildPhases = (
				C47A402122C70C0B00612D8D /* Sources */,
				C47A402222C70C0B00612D8D /* Frameworks */,
				C47A402322C70C0B00612D8D /* Resources */,
			);
			buildRules = (
			);
			dependencies = (
				C47A402722C70C0B00612D8D /* PBXTargetDependency */,
			);
			name = SockItToMeUITests;
			productName = SockItToMeUITests;
			productReference = C47A402522C70C0B00612D8D /* SockItToMeUITests.xctest */;
			productType = "com.apple.product-type.bundle.ui-testing";
		};
/* End PBXNativeTarget section */

/* Begin PBXProject section */
		C47A3FF722C70C0800612D8D /* Project object */ = {
			isa = PBXProject;
			attributes = {
				LastUpgradeCheck = 1020;
				ORGANIZATIONNAME = "Dumb Blonde Software";
				TargetAttributes = {
					C47A3FFE22C70C0800612D8D = {
						CreatedOnToolsVersion = 10.2.1;
					};
					C47A401922C70C0B00612D8D = {
						CreatedOnToolsVersion = 10.2.1;
						TestTargetID = C47A3FFE22C70C0800612D8D;
					};
					C47A402422C70C0B00612D8D = {
						CreatedOnToolsVersion = 10.2.1;
						TestTargetID = C47A3FFE22C70C0800612D8D;
					};
				};
			};
			buildConfigurationList = C47A3FFA22C70C0800612D8D /* Build configuration list for PBXProject "SockItToMe" */;
			compatibilityVersion = "Xcode 9.3";
			developmentRegion = en;
			hasScannedForEncodings = 0;
			knownRegions = (
				en,
				Base,
			);
			mainGroup = C47A3FF622C70C0800612D8D;
			productRefGroup = C47A400022C70C0800612D8D /* Products */;
			projectDirPath = "";
			projectRoot = "";
			targets = (
				C47A3FFE22C70C0800612D8D /* SockItToMe */,
				C47A401922C70C0B00612D8D /* SockItToMeTests */,
				C47A402422C70C0B00612D8D /* SockItToMeUITests */,
			);
		};
/* End PBXProject section */

/* Begin PBXResourcesBuildPhase section */
		C47A3FFD22C70C0800612D8D /* Resources */ = {
			isa = PBXResourcesBuildPhase;
			buildActionMask = 2147483647;
			files = (
				C47A401222C70C0A00612D8D /* LaunchScreen.storyboard in Resources */,
				C47A400F22C70C0A00612D8D /* Assets.xcassets in Resources */,
			);
			runOnlyForDeploymentPostprocessing = 0;
		};
		C47A401822C70C0B00612D8D /* Resources */ = {
			isa = PBXResourcesBuildPhase;
			buildActionMask = 2147483647;
			files = (
			);
			runOnlyForDeploymentPostprocessing = 0;
		};
		C47A402322C70C0B00612D8D /* Resources */ = {
			isa = PBXResourcesBuildPhase;
			buildActionMask = 2147483647;
			files = (
			);
			runOnlyForDeploymentPostprocessing = 0;
		};
/* End PBXResourcesBuildPhase section */

/* Begin PBXSourcesBuildPhase section */
		C47A3FFB22C70C0800612D8D /* Sources */ = {
			isa = PBXSourcesBuildPhase;
			buildActionMask = 2147483647;
			files = (
				C42AF53822F9021800B4B4C0 /* Pattern.m in Sources */,
				C42AF53422F900FA00B4B4C0 /* Foot.m in Sources */,
				C47A400D22C70C0800612D8D /* SockItToMe.xcdatamodeld in Sources */,
				C47A401522C70C0A00612D8D /* main.m in Sources */,
				C47A400422C70C0800612D8D /* AppDelegate.m in Sources */,
				C47A403922C70CB900612D8D /* MainViewController.m in Sources */,
			);
			runOnlyForDeploymentPostprocessing = 0;
		};
		C47A401622C70C0B00612D8D /* Sources */ = {
			isa = PBXSourcesBuildPhase;
			buildActionMask = 2147483647;
			files = (
				C47A401F22C70C0B00612D8D /* SockItToMeTests.m in Sources */,
			);
			runOnlyForDeploymentPostprocessing = 0;
		};
		C47A402122C70C0B00612D8D /* Sources */ = {
			isa = PBXSourcesBuildPhase;
			buildActionMask = 2147483647;
			files = (
				C47A402A22C70C0B00612D8D /* SockItToMeUITests.m in Sources */,
			);
			runOnlyForDeploymentPostprocessing = 0;
		};
/* End PBXSourcesBuildPhase section */

/* Begin PBXTargetDependency section */
		C47A401C22C70C0B00612D8D /* PBXTargetDependency */ = {
			isa = PBXTargetDependency;
			target = C47A3FFE22C70C0800612D8D /* SockItToMe */;
			targetProxy = C47A401B22C70C0B00612D8D /* PBXContainerItemProxy */;
		};
		C47A402722C70C0B00612D8D /* PBXTargetDependency */ = {
			isa = PBXTargetDependency;
			target = C47A3FFE22C70C0800612D8D /* SockItToMe */;
			targetProxy = C47A402622C70C0B00612D8D /* PBXContainerItemProxy */;
		};
/* End PBXTargetDependency section */

/* Begin PBXVariantGroup section */
		C47A401022C70C0A00612D8D /* LaunchScreen.storyboard */ = {
			isa = PBXVariantGroup;
			children = (
				C47A401122C70C0A00612D8D /* Base */,
			);
			name = LaunchScreen.storyboard;
			sourceTree = "<group>";
		};
/* End PBXVariantGroup section */

/* Begin XCBuildConfiguration section */
		C47A402C22C70C0B00612D8D /* Debug */ = {
			isa = XCBuildConfiguration;
			buildSettings = {
				ALWAYS_SEARCH_USER_PATHS = NO;
				CLANG_ANALYZER_NONNULL = YES;
				CLANG_ANALYZER_NUMBER_OBJECT_CONVERSION = YES_AGGRESSIVE;
				CLANG_CXX_LANGUAGE_STANDARD = "gnu++14";
				CLANG_CXX_LIBRARY = "libc++";
				CLANG_ENABLE_MODULES = YES;
				CLANG_ENABLE_OBJC_ARC = YES;
				CLANG_ENABLE_OBJC_WEAK = YES;
				CLANG_WARN_BLOCK_CAPTURE_AUTORELEASING = YES;
				CLANG_WARN_BOOL_CONVERSION = YES;
				CLANG_WARN_COMMA = YES;
				CLANG_WARN_CONSTANT_CONVERSION = YES;
				CLANG_WARN_DEPRECATED_OBJC_IMPLEMENTATIONS = YES;
				CLANG_WARN_DIRECT_OBJC_ISA_USAGE = YES_ERROR;
				CLANG_WARN_DOCUMENTATION_COMMENTS = YES;
				CLANG_WARN_EMPTY_BODY = YES;
				CLANG_WARN_ENUM_CONVERSION = YES;
				CLANG_WARN_INFINITE_RECURSION = YES;
				CLANG_WARN_INT_CONVERSION = YES;
				CLANG_WARN_NON_LITERAL_NULL_CONVERSION = YES;
				CLANG_WARN_OBJC_IMPLICIT_RETAIN_SELF = YES;
				CLANG_WARN_OBJC_LITERAL_CONVERSION = YES;
				CLANG_WARN_OBJC_ROOT_CLASS = YES_ERROR;
				CLANG_WARN_RANGE_LOOP_ANALYSIS = YES;
				CLANG_WARN_STRICT_PROTOTYPES = YES;
				CLANG_WARN_SUSPICIOUS_MOVE = YES;
				CLANG_WARN_UNGUARDED_AVAILABILITY = YES_AGGRESSIVE;
				CLANG_WARN_UNREACHABLE_CODE = YES;
				CLANG_WARN__DUPLICATE_METHOD_MATCH = YES;
				CODE_SIGN_IDENTITY = "iPhone Developer";
				COPY_PHASE_STRIP = NO;
				DEBUG_INFORMATION_FORMAT = dwarf;
				ENABLE_STRICT_OBJC_MSGSEND = YES;
				ENABLE_TESTABILITY = YES;
				GCC_C_LANGUAGE_STANDARD = gnu11;
				GCC_DYNAMIC_NO_PIC = NO;
				GCC_NO_COMMON_BLOCKS = YES;
				GCC_OPTIMIZATION_LEVEL = 0;
				GCC_PREPROCESSOR_DEFINITIONS = (
					"DEBUG=1",
					"$(inherited)",
				);
				GCC_WARN_64_TO_32_BIT_CONVERSION = YES;
				GCC_WARN_ABOUT_RETURN_TYPE = YES_ERROR;
				GCC_WARN_UNDECLARED_SELECTOR = YES;
				GCC_WARN_UNINITIALIZED_AUTOS = YES_AGGRESSIVE;
				GCC_WARN_UNUSED_FUNCTION = YES;
				GCC_WARN_UNUSED_VARIABLE = YES;
				IPHONEOS_DEPLOYMENT_TARGET = 12.2;
				MTL_ENABLE_DEBUG_INFO = INCLUDE_SOURCE;
				MTL_FAST_MATH = YES;
				ONLY_ACTIVE_ARCH = YES;
				SDKROOT = iphoneos;
			};
			name = Debug;
		};
		C47A402D22C70C0B00612D8D /* Release */ = {
			isa = XCBuildConfiguration;
			buildSettings = {
				ALWAYS_SEARCH_USER_PATHS = NO;
				CLANG_ANALYZER_NONNULL = YES;
				CLANG_ANALYZER_NUMBER_OBJECT_CONVERSION = YES_AGGRESSIVE;
				CLANG_CXX_LANGUAGE_STANDARD = "gnu++14";
				CLANG_CXX_LIBRARY = "libc++";
				CLANG_ENABLE_MODULES = YES;
				CLANG_ENABLE_OBJC_ARC = YES;
				CLANG_ENABLE_OBJC_WEAK = YES;
				CLANG_WARN_BLOCK_CAPTURE_AUTORELEASING = YES;
				CLANG_WARN_BOOL_CONVERSION = YES;
				CLANG_WARN_COMMA = YES;
				CLANG_WARN_CONSTANT_CONVERSION = YES;
				CLANG_WARN_DEPRECATED_OBJC_IMPLEMENTATIONS = YES;
				CLANG_WARN_DIRECT_OBJC_ISA_USAGE = YES_ERROR;
				CLANG_WARN_DOCUMENTATION_COMMENTS = YES;
				CLANG_WARN_EMPTY_BODY = YES;
				CLANG_WARN_ENUM_CONVERSION = YES;
				CLANG_WARN_INFINITE_RECURSION = YES;
				CLANG_WARN_INT_CONVERSION = YES;
				CLANG_WARN_NON_LITERAL_NULL_CONVERSION = YES;
				CLANG_WARN_OBJC_IMPLICIT_RETAIN_SELF = YES;
				CLANG_WARN_OBJC_LITERAL_CONVERSION = YES;
				CLANG_WARN_OBJC_ROOT_CLASS = YES_ERROR;
				CLANG_WARN_RANGE_LOOP_ANALYSIS = YES;
				CLANG_WARN_STRICT_PROTOTYPES = YES;
				CLANG_WARN_SUSPICIOUS_MOVE = YES;
				CLANG_WARN_UNGUARDED_AVAILABILITY = YES_AGGRESSIVE;
				CLANG_WARN_UNREACHABLE_CODE = YES;
				CLANG_WARN__DUPLICATE_METHOD_MATCH = YES;
				CODE_SIGN_IDENTITY = "iPhone Developer";
				COPY_PHASE_STRIP = NO;
				DEBUG_INFORMATION_FORMAT = "dwarf-with-dsym";
				ENABLE_NS_ASSERTIONS = NO;
				ENABLE_STRICT_OBJC_MSGSEND = YES;
				GCC_C_LANGUAGE_STANDARD = gnu11;
				GCC_NO_COMMON_BLOCKS = YES;
				GCC_WARN_64_TO_32_BIT_CONVERSION = YES;
				GCC_WARN_ABOUT_RETURN_TYPE = YES_ERROR;
				GCC_WARN_UNDECLARED_SELECTOR = YES;
				GCC_WARN_UNINITIALIZED_AUTOS = YES_AGGRESSIVE;
				GCC_WARN_UNUSED_FUNCTION = YES;
				GCC_WARN_UNUSED_VARIABLE = YES;
				IPHONEOS_DEPLOYMENT_TARGET = 12.2;
				MTL_ENABLE_DEBUG_INFO = NO;
				MTL_FAST_MATH = YES;
				SDKROOT = iphoneos;
				VALIDATE_PRODUCT = YES;
			};
			name = Release;
		};
		C47A402F22C70C0B00612D8D /* Debug */ = {
			isa = XCBuildConfiguration;
			buildSettings = {
				ASSETCATALOG_COMPILER_APPICON_NAME = AppIcon;
				CODE_SIGN_STYLE = Automatic;
				DEVELOPMENT_TEAM = K8633K44E8;
				INFOPLIST_FILE = SockItToMe/Info.plist;
				LD_RUNPATH_SEARCH_PATHS = (
					"$(inherited)",
					"@executable_path/Frameworks",
				);
				PRODUCT_BUNDLE_IDENTIFIER = self.edu.diane.SockItToMe;
				PRODUCT_NAME = "$(TARGET_NAME)";
				TARGETED_DEVICE_FAMILY = "1,2";
			};
			name = Debug;
		};
		C47A403022C70C0B00612D8D /* Release */ = {
			isa = XCBuildConfiguration;
			buildSettings = {
				ASSETCATALOG_COMPILER_APPICON_NAME = AppIcon;
				CODE_SIGN_STYLE = Automatic;
				DEVELOPMENT_TEAM = K8633K44E8;
				INFOPLIST_FILE = SockItToMe/Info.plist;
				LD_RUNPATH_SEARCH_PATHS = (
					"$(inherited)",
					"@executable_path/Frameworks",
				);
				PRODUCT_BUNDLE_IDENTIFIER = self.edu.diane.SockItToMe;
				PRODUCT_NAME = "$(TARGET_NAME)";
				TARGETED_DEVICE_FAMILY = "1,2";
			};
			name = Release;
		};
		C47A403222C70C0B00612D8D /* Debug */ = {
			isa = XCBuildConfiguration;
			buildSettings = {
				BUNDLE_LOADER = "$(TEST_HOST)";
				CODE_SIGN_STYLE = Automatic;
				DEVELOPMENT_TEAM = K8633K44E8;
				INFOPLIST_FILE = SockItToMeTests/Info.plist;
				LD_RUNPATH_SEARCH_PATHS = (
					"$(inherited)",
					"@executable_path/Frameworks",
					"@loader_path/Frameworks",
				);
				PRODUCT_BUNDLE_IDENTIFIER = self.edu.diane.SockItToMeTests;
				PRODUCT_NAME = "$(TARGET_NAME)";
				TARGETED_DEVICE_FAMILY = "1,2";
				TEST_HOST = "$(BUILT_PRODUCTS_DIR)/SockItToMe.app/SockItToMe";
			};
			name = Debug;
		};
		C47A403322C70C0B00612D8D /* Release */ = {
			isa = XCBuildConfiguration;
			buildSettings = {
				BUNDLE_LOADER = "$(TEST_HOST)";
				CODE_SIGN_STYLE = Automatic;
				DEVELOPMENT_TEAM = K8633K44E8;
				INFOPLIST_FILE = SockItToMeTests/Info.plist;
				LD_RUNPATH_SEARCH_PATHS = (
					"$(inherited)",
					"@executable_path/Frameworks",
					"@loader_path/Frameworks",
				);
				PRODUCT_BUNDLE_IDENTIFIER = self.edu.diane.SockItToMeTests;
				PRODUCT_NAME = "$(TARGET_NAME)";
				TARGETED_DEVICE_FAMILY = "1,2";
				TEST_HOST = "$(BUILT_PRODUCTS_DIR)/SockItToMe.app/SockItToMe";
			};
			name = Release;
		};
		C47A403522C70C0B00612D8D /* Debug */ = {
			isa = XCBuildConfiguration;
			buildSettings = {
				CODE_SIGN_STYLE = Automatic;
				DEVELOPMENT_TEAM = K8633K44E8;
				INFOPLIST_FILE = SockItToMeUITests/Info.plist;
				LD_RUNPATH_SEARCH_PATHS = (
					"$(inherited)",
					"@executable_path/Frameworks",
					"@loader_path/Frameworks",
				);
				PRODUCT_BUNDLE_IDENTIFIER = self.edu.diane.SockItToMeUITests;
				PRODUCT_NAME = "$(TARGET_NAME)";
				TARGETED_DEVICE_FAMILY = "1,2";
				TEST_TARGET_NAME = SockItToMe;
			};
			name = Debug;
		};
		C47A403622C70C0B00612D8D /* Release */ = {
			isa = XCBuildConfiguration;
			buildSettings = {
				CODE_SIGN_STYLE = Automatic;
				DEVELOPMENT_TEAM = K8633K44E8;
				INFOPLIST_FILE = SockItToMeUITests/Info.plist;
				LD_RUNPATH_SEARCH_PATHS = (
					"$(inherited)",
					"@executable_path/Frameworks",
					"@loader_path/Frameworks",
				);
				PRODUCT_BUNDLE_IDENTIFIER = self.edu.diane.SockItToMeUITests;
				PRODUCT_NAME = "$(TARGET_NAME)";
				TARGETED_DEVICE_FAMILY = "1,2";
				TEST_TARGET_NAME = SockItToMe;
			};
			name = Release;
		};
/* End XCBuildConfiguration section */

/* Begin XCConfigurationList section */
		C47A3FFA22C70C0800612D8D /* Build configuration list for PBXProject "SockItToMe" */ = {
			isa = XCConfigurationList;
			buildConfigurations = (
				C47A402C22C70C0B00612D8D /* Debug */,
				C47A402D22C70C0B00612D8D /* Release */,
			);
			defaultConfigurationIsVisible = 0;
			defaultConfigurationName = Release;
		};
		C47A402E22C70C0B00612D8D /* Build configuration list for PBXNativeTarget "SockItToMe" */ = {
			isa = XCConfigurationList;
			buildConfigurations = (
				C47A402F22C70C0B00612D8D /* Debug */,
				C47A403022C70C0B00612D8D /* Release */,
			);
			defaultConfigurationIsVisible = 0;
			defaultConfigurationName = Release;
		};
		C47A403122C70C0B00612D8D /* Build configuration list for PBXNativeTarget "SockItToMeTests" */ = {
			isa = XCConfigurationList;
			buildConfigurations = (
				C47A403222C70C0B00612D8D /* Debug */,
				C47A403322C70C0B00612D8D /* Release */,
			);
			defaultConfigurationIsVisible = 0;
			defaultConfigurationName = Release;
		};
		C47A403422C70C0B00612D8D /* Build configuration list for PBXNativeTarget "SockItToMeUITests" */ = {
			isa = XCConfigurationList;
			buildConfigurations = (
				C47A403522C70C0B00612D8D /* Debug */,
				C47A403622C70C0B00612D8D /* Release */,
			);
			defaultConfigurationIsVisible = 0;
			defaultConfigurationName = Release;
		};
/* End XCConfigurationList section */

/* Begin XCVersionGroup section */
		C47A400B22C70C0800612D8D /* SockItToMe.xcdatamodeld */ = {
			isa = XCVersionGroup;
			children = (
				C47A400C22C70C0800612D8D /* SockItToMe.xcdatamodel */,
			);
			currentVersion = C47A400C22C70C0800612D8D /* SockItToMe.xcdatamodel */;
			path = SockItToMe.xcdatamodeld;
			sourceTree = "<group>";
			versionGroupType = wrapper.xcdatamodel;
		};
/* End XCVersionGroup section */
	};
	rootObject = C47A3FF722C70C0800612D8D /* Project object */;
}
